{
  "nodes": {
    "home-manager": {
      "inputs": {
        "nixpkgs": [
          "nixpkgs"
        ]
      },
      "locked": {
        "lastModified": 1614915203,
        "narHash": "sha256-RV9zOW5pDAjXJflfZ90x5nz4+D5Th5ds/h27CuAECZg=",
        "owner": "nix-community",
        "repo": "home-manager",
        "rev": "73559e0dbcd1701e7db0d4e118893784a44df234",
        "type": "github"
      },
      "original": {
        "owner": "nix-community",
        "repo": "home-manager",
        "type": "github"
      }
    },
    "nixos-hardware": {
      "locked": {
        "lastModified": 1614792912,
        "narHash": "sha256-SNteffh445fpxvZRlXQ0ZWWTIlceXB/D39o6IaLEN1s=",
        "owner": "NixOS",
        "repo": "nixos-hardware",
        "rev": "3caaa0588e90e8f368fa1c5a002f24f2d4af4224",
        "type": "github"
      },
      "original": {
        "owner": "NixOS",
        "ref": "master",
        "repo": "nixos-hardware",
        "type": "github"
      }
    },
    "nixpkgs": {
      "locked": {
        "lastModified": 1614815769,
        "narHash": "sha256-Rdy37Ioof5FlMlc+YC9PniSIJW/EsdImG+wZPP5VWvo=",
        "owner": "NixOS",
        "repo": "nixpkgs",
        "rev": "d496205cf22c3079461d868ea3198d42ded59287",
        "type": "github"
      },
      "original": {
        "owner": "NixOS",
        "ref": "nixos-unstable",
        "repo": "nixpkgs",
        "type": "github"
      }
    },
    "root": {
      "inputs": {
        "home-manager": "home-manager",
        "nixos-hardware": "nixos-hardware",
        "nixpkgs": "nixpkgs"
      }
    }
  },
  "root": "root",
  "version": 7
}
