{
  "nodes": {
    "home-manager": {
      "inputs": {
        "nixpkgs": "nixpkgs"
      },
      "locked": {
        "lastModified": 1603114669,
        "narHash": "sha256-9eGnKDtFg4j/KubZOab+ARwHBbtOFXb4Jut54S6gtFE=",
        "owner": "nix-community",
        "repo": "home-manager",
        "rev": "c5e47e25a6cbb37feb3ff47fe83e5a1db097bf16",
        "type": "github"
      },
      "original": {
        "owner": "nix-community",
        "repo": "home-manager",
        "type": "github"
      }
    },
    "nixpkgs": {
      "locked": {
        "lastModified": 1603142336,
        "narHash": "sha256-40+zD9MupsATHGgiYKc/SukJScRww9lhEpgv1ZhPK1M=",
        "owner": "NixOS",
        "repo": "nixpkgs",
        "rev": "fba7eaeb63377bfebbadc38bc945ed95838edf3a",
        "type": "github"
      },
      "original": {
        "id": "nixpkgs",
        "type": "indirect"
      }
    },
    "nixpkgs_2": {
      "locked": {
        "lastModified": 1602363692,
        "narHash": "sha256-9V8jl1Lzgw+QMqpEWz4+TjRmXktBWLZjqr3yBWBLL1g=",
        "owner": "NixOS",
        "repo": "nixpkgs",
        "rev": "51aaa3fa1b69559456f9bd4968bd5b179a784f67",
        "type": "github"
      },
      "original": {
        "owner": "NixOS",
        "ref": "nixos-20.09",
        "repo": "nixpkgs",
        "type": "github"
      }
    },
    "root": {
      "inputs": {
        "home-manager": "home-manager",
        "nixpkgs": "nixpkgs_2"
      }
    }
  },
  "root": "root",
  "version": 7
}
