{
  "nodes": {
    "home-manager": {
      "inputs": {
        "nixpkgs": "nixpkgs"
      },
      "locked": {
        "lastModified": 1613929272,
        "narHash": "sha256-vDfNAk5jD8jZ4W83UsGKtRn4tPY5K++lisiSbZlelGQ=",
        "owner": "nix-community",
        "repo": "home-manager",
        "rev": "029767ca63fe33d9dd002093fc065ea8fde565ab",
        "type": "github"
      },
      "original": {
        "owner": "nix-community",
        "repo": "home-manager",
        "type": "github"
      }
    },
    "nixos-hardware": {
      "locked": {
        "lastModified": 1613453906,
        "narHash": "sha256-w6oeQ3OTCKxRAG9KtjK+ErxpvUhNr48binO99JVQP9Q=",
        "owner": "NixOS",
        "repo": "nixos-hardware",
        "rev": "115770eed0c0fa50c1277cd0f7fe0f15501dbc43",
        "type": "github"
      },
      "original": {
        "owner": "NixOS",
        "ref": "master",
        "repo": "nixos-hardware",
        "type": "github"
      }
    },
    "nixpkgs": {
      "locked": {
        "lastModified": 1613934901,
        "narHash": "sha256-oG6OKxIwcyHdTYJ4tK6bbQdJnu8w+AuPhL4ALDn4/Jg=",
        "owner": "NixOS",
        "repo": "nixpkgs",
        "rev": "95b7f99014ca7abc8939c438c3a944303aca3201",
        "type": "github"
      },
      "original": {
        "id": "nixpkgs",
        "type": "indirect"
      }
    },
    "nixpkgs_2": {
      "locked": {
        "lastModified": 1613761605,
        "narHash": "sha256-lUF6UPR96ZzQC0faNXBHLoLhNAdxZqYqDwz0PaIZ/7Y=",
        "owner": "NixOS",
        "repo": "nixpkgs",
        "rev": "9816b99e71c3504b0b4c1f8b2e004148460029d4",
        "type": "github"
      },
      "original": {
        "owner": "NixOS",
        "ref": "nixos-unstable",
        "repo": "nixpkgs",
        "type": "github"
      }
    },
    "root": {
      "inputs": {
        "home-manager": "home-manager",
        "nixos-hardware": "nixos-hardware",
        "nixpkgs": "nixpkgs_2"
      }
    }
  },
  "root": "root",
  "version": 7
}
